<?xml version="1.0" encoding="UTF-8"?>
<Scheme
   LastUpgradeVersion = "1240"
   version = "1.3">
   <BuildAction
      parallelizeBuildables = "YES"
      buildImplicitDependencies = "YES">
      <BuildActionEntries>
         <BuildActionEntry
            buildForTesting = "YES"
            buildForRunning = "YES"
            buildForProfiling = "YES"
            buildForArchiving = "YES"
            buildForAnalyzing = "YES">
            <BuildableReference
               BuildableIdentifier = "primary"
               BlueprintIdentifier = "4B055A691FAE763F0060FFFF"
               BuildableName = "Clock Signal Kiosk"
               BlueprintName = "Clock Signal Kiosk"
               ReferencedContainer = "container:Clock Signal.xcodeproj">
            </BuildableReference>
         </BuildActionEntry>
      </BuildActionEntries>
   </BuildAction>
   <TestAction
      buildConfiguration = "Debug"
      selectedDebuggerIdentifier = "Xcode.DebuggerFoundation.Debugger.LLDB"
      selectedLauncherIdentifier = "Xcode.DebuggerFoundation.Launcher.LLDB"
      shouldUseLaunchSchemeArgsEnv = "YES">
      <Testables>
      </Testables>
   </TestAction>
   <LaunchAction
      buildConfiguration = "Debug"
      selectedDebuggerIdentifier = "Xcode.DebuggerFoundation.Debugger.LLDB"
      selectedLauncherIdentifier = "Xcode.DebuggerFoundation.Launcher.LLDB"
      disableMainThreadChecker = "YES"
      launchStyle = "0"
      useCustomWorkingDirectory = "NO"
      ignoresPersistentStateOnLaunch = "NO"
      debugDocumentVersioning = "YES"
      debugServiceExtension = "internal"
      allowLocationSimulation = "YES">
      <BuildableProductRunnable
         runnableDebuggingMode = "0">
         <BuildableReference
            BuildableIdentifier = "primary"
            BlueprintIdentifier = "4B055A691FAE763F0060FFFF"
            BuildableName = "Clock Signal Kiosk"
            BlueprintName = "Clock Signal Kiosk"
            ReferencedContainer = "container:Clock Signal.xcodeproj">
         </BuildableReference>
      </BuildableProductRunnable>
      <CommandLineArguments>
         <CommandLineArgument
            argument = "/Users/thomasharte/Downloads/test-dsk-for-rw-and-50-60-hz/TEST-RW-60Hz.DSK"
            isEnabled = "NO">
         </CommandLineArgument>
         <CommandLineArgument
            argument = "&quot;/Users/thomasharte/Desktop/Soft/Apple II/WOZs/Prince of Persia side A.woz&quot;"
            isEnabled = "NO">
         </CommandLineArgument>
         <CommandLineArgument
            argument = "--rompath=~/ROMs"
            isEnabled = "NO">
         </CommandLineArgument>
         <CommandLineArgument
            argument = "--has-disk-drive"
            isEnabled = "NO">
         </CommandLineArgument>
         <CommandLineArgument
            argument = "&quot;/Users/thomasharte/Library/Mobile Documents/com~apple~CloudDocs/Desktop/Soft/Macintosh/MusicWorks 0.42.image&quot;"
            isEnabled = "NO">
         </CommandLineArgument>
         <CommandLineArgument
            argument = "/Users/thomasharte/Library/Mobile\ Documents/com\~apple\~CloudDocs/Desktop/Soft/Apple\ II/Keplermatik.dsk"
            isEnabled = "NO">
         </CommandLineArgument>
         <CommandLineArgument
            argument = "/Users/thomasharte/Library/Mobile\ Documents/com\~apple\~CloudDocs/Desktop/Soft/Apple\ II/WOZs/Prince\ of\ Persia\ side\ A.woz"
            isEnabled = "NO">
         </CommandLineArgument>
         <CommandLineArgument
            argument = "--volume=0.001"
            isEnabled = "YES">
         </CommandLineArgument>
         <CommandLineArgument
            argument = "--new=enterprise"
            isEnabled = "YES">
         </CommandLineArgument>
         <CommandLineArgument
            argument = "&quot;/Users/thomasharte/Library/Mobile Documents/com~apple~CloudDocs/Desktop/Soft/ColecoVision/Galaxian (1983)(Atari).col&quot;"
            isEnabled = "NO">
         </CommandLineArgument>
         <CommandLineArgument
            argument = "&quot;/Users/thomasharte/Library/Mobile Documents/com~apple~CloudDocs/Desktop/Soft/Master System/R-Type (NTSC).sms&quot;"
            isEnabled = "NO">
         </CommandLineArgument>
         <CommandLineArgument
            argument = "--output=CompositeMonochrome"
            isEnabled = "NO">
         </CommandLineArgument>
         <CommandLineArgument
            argument = "--logical-keyboard"
            isEnabled = "NO">
         </CommandLineArgument>
         <CommandLineArgument
            argument = "&quot;/Users/thomasharte/Library/Mobile Documents/com~apple~CloudDocs/Desktop/Soft/Amstrad CPC/Amstrad CPC [TOSEC]/Amstrad CPC - Applications - [DSK] (TOSEC-v2011-08-31_CM)/Tasword (1984)(Tasman Software).dsk&quot;"
            isEnabled = "NO">
         </CommandLineArgument>
         <CommandLineArgument
            argument = "&quot;/Users/thomasharte/Library/Mobile Documents/com~apple~CloudDocs/Desktop/Soft/Amstrad CPC/Robocop.dsk&quot;"
            isEnabled = "NO">
         </CommandLineArgument>
         <CommandLineArgument
            argument = "--speed=5"
            isEnabled = "NO">
         </CommandLineArgument>
         <CommandLineArgument
            argument = "--rompath=/Users/thomasharte/Projects/CLK/ROMImages"
            isEnabled = "YES">
         </CommandLineArgument>
         <CommandLineArgument
            argument = "--help"
            isEnabled = "NO">
         </CommandLineArgument>
         <CommandLineArgument
            argument = "--model=mac512k"
            isEnabled = "NO">
         </CommandLineArgument>
         <CommandLineArgument
            argument = "--new=macintosh"
            isEnabled = "NO">
         </CommandLineArgument>
         <CommandLineArgument
            argument = "--use-square-pixels"
            isEnabled = "NO">
         </CommandLineArgument>
      </CommandLineArguments>
   </LaunchAction>
   <ProfileAction
      buildConfiguration = "Release"
      shouldUseLaunchSchemeArgsEnv = "YES"
      savedToolIdentifier = ""
      useCustomWorkingDirectory = "NO"
      debugDocumentVersioning = "YES">
      <BuildableProductRunnable
         runnableDebuggingMode = "0">
         <BuildableReference
            BuildableIdentifier = "primary"
            BlueprintIdentifier = "4B055A691FAE763F0060FFFF"
            BuildableName = "Clock Signal Kiosk"
            BlueprintName = "Clock Signal Kiosk"
            ReferencedContainer = "container:Clock Signal.xcodeproj">
         </BuildableReference>
      </BuildableProductRunnable>
   </ProfileAction>
   <AnalyzeAction
      buildConfiguration = "Debug">
   </AnalyzeAction>
   <ArchiveAction
      buildConfiguration = "Release"
      revealArchiveInOrganizer = "YES">
   </ArchiveAction>
</Scheme>
